
Microsoft Visual Studio Solution File, Format Version 12.00
# Visual Studio 15
VisualStudioVersion = 15.0.27130.2027
MinimumVisualStudioVersion = 10.0.40219.1
Project("{9A19103F-16F7-4668-BE54-9A1E7A4F7556}") = "InMemoryStorage", "InMemoryStorage\InMemoryStorage.csproj", "{43E3CAE2-8CA0-40B1-A8D6-72E54C81E910}"
EndProject
Project("{9A19103F-16F7-4668-BE54-9A1E7A4F7556}") = "Core", "Core\Core.csproj", "{0D9937D8-BE79-4EE7-9FAA-880AA4151F88}"
EndProject
Project("{E53339B2-1760-4266-BCC7-CA923CBCF16C}") = "docker-compose", "docker-compose.dcproj", "{4943FCEA-5104-4CBF-9E3F-256A63F34BAC}"
EndProject
Project("{2150E333-8FDC-42A3-9474-1A3956D46DE8}") = "Tests", "Tests", "{848B0842-B072-49BD-B433-F8FE8FA6A450}"
EndProject
Project("{9A19103F-16F7-4668-BE54-9A1E7A4F7556}") = "InMemoryStorage.Tests", "Tests\InMemoryStorage.Tests\InMemoryStorage.Tests.csproj", "{43144608-7E68-4AB9-B788-0193385C2EB8}"
EndProject
Project("{FAE04EC0-301F-11D3-BF4B-00C04F79EFBC}") = "Backend", "Backend\Backend.csproj", "{55D2771F-ACF5-4A3A-810C-C318CE336E91}"
EndProject
Project("{9A19103F-16F7-4668-BE54-9A1E7A4F7556}") = "Api", "Api\Api.csproj", "{94DE856E-103E-494E-B71A-08FD9C133A52}"
EndProject
Global
	GlobalSection(SolutionConfigurationPlatforms) = preSolution
		Debug|Any CPU = Debug|Any CPU
		Release|Any CPU = Release|Any CPU
	EndGlobalSection
	GlobalSection(ProjectConfigurationPlatforms) = postSolution
		{43E3CAE2-8CA0-40B1-A8D6-72E54C81E910}.Debug|Any CPU.ActiveCfg = Debug|Any CPU
		{43E3CAE2-8CA0-40B1-A8D6-72E54C81E910}.Debug|Any CPU.Build.0 = Debug|Any CPU
		{43E3CAE2-8CA0-40B1-A8D6-72E54C81E910}.Release|Any CPU.ActiveCfg = Release|Any CPU
		{43E3CAE2-8CA0-40B1-A8D6-72E54C81E910}.Release|Any CPU.Build.0 = Release|Any CPU
		{0D9937D8-BE79-4EE7-9FAA-880AA4151F88}.Debug|Any CPU.ActiveCfg = Debug|Any CPU
		{0D9937D8-BE79-4EE7-9FAA-880AA4151F88}.Debug|Any CPU.Build.0 = Debug|Any CPU
		{0D9937D8-BE79-4EE7-9FAA-880AA4151F88}.Release|Any CPU.ActiveCfg = Release|Any CPU
		{0D9937D8-BE79-4EE7-9FAA-880AA4151F88}.Release|Any CPU.Build.0 = Release|Any CPU
		{4943FCEA-5104-4CBF-9E3F-256A63F34BAC}.Debug|Any CPU.ActiveCfg = Debug|Any CPU
		{4943FCEA-5104-4CBF-9E3F-256A63F34BAC}.Debug|Any CPU.Build.0 = Debug|Any CPU
		{4943FCEA-5104-4CBF-9E3F-256A63F34BAC}.Release|Any CPU.ActiveCfg = Release|Any CPU
		{4943FCEA-5104-4CBF-9E3F-256A63F34BAC}.Release|Any CPU.Build.0 = Release|Any CPU
		{43144608-7E68-4AB9-B788-0193385C2EB8}.Debug|Any CPU.ActiveCfg = Debug|Any CPU
		{43144608-7E68-4AB9-B788-0193385C2EB8}.Debug|Any CPU.Build.0 = Debug|Any CPU
		{43144608-7E68-4AB9-B788-0193385C2EB8}.Release|Any CPU.ActiveCfg = Release|Any CPU
		{43144608-7E68-4AB9-B788-0193385C2EB8}.Release|Any CPU.Build.0 = Release|Any CPU
		{55D2771F-ACF5-4A3A-810C-C318CE336E91}.Debug|Any CPU.ActiveCfg = Debug|Any CPU
		{55D2771F-ACF5-4A3A-810C-C318CE336E91}.Debug|Any CPU.Build.0 = Debug|Any CPU
		{55D2771F-ACF5-4A3A-810C-C318CE336E91}.Release|Any CPU.ActiveCfg = Release|Any CPU
		{55D2771F-ACF5-4A3A-810C-C318CE336E91}.Release|Any CPU.Build.0 = Release|Any CPU
		{94DE856E-103E-494E-B71A-08FD9C133A52}.Debug|Any CPU.ActiveCfg = Debug|Any CPU
		{94DE856E-103E-494E-B71A-08FD9C133A52}.Debug|Any CPU.Build.0 = Debug|Any CPU
		{94DE856E-103E-494E-B71A-08FD9C133A52}.Release|Any CPU.ActiveCfg = Release|Any CPU
		{94DE856E-103E-494E-B71A-08FD9C133A52}.Release|Any CPU.Build.0 = Release|Any CPU
	EndGlobalSection
	GlobalSection(SolutionProperties) = preSolution
		HideSolutionNode = FALSE
	EndGlobalSection
	GlobalSection(NestedProjects) = preSolution
		{43144608-7E68-4AB9-B788-0193385C2EB8} = {848B0842-B072-49BD-B433-F8FE8FA6A450}
	EndGlobalSection
	GlobalSection(ExtensibilityGlobals) = postSolution
		SolutionGuid = {622239D9-E102-48BB-A55A-C9FDFAC9B730}
	EndGlobalSection
EndGlobal
